// !$*UTF8*$!
{
	archiveVersion = 1;
	classes = {
	};
	objectVersion = 50;
	objects = {

/* Begin PBXBuildFile section */
		80C8944F2499DCFE005CBEAF /* AppDelegate.swift in Sources */ = {isa = PBXBuildFile; fileRef = 80C8944E2499DCFE005CBEAF /* AppDelegate.swift */; };
		80C894512499DCFE005CBEAF /* SceneDelegate.swift in Sources */ = {isa = PBXBuildFile; fileRef = 80C894502499DCFE005CBEAF /* SceneDelegate.swift */; };
		80C894532499DCFE005CBEAF /* ViewController.swift in Sources */ = {isa = PBXBuildFile; fileRef = 80C894522499DCFE005CBEAF /* ViewController.swift */; };
		80C894562499DCFE005CBEAF /* Main.storyboard in Resources */ = {isa = PBXBuildFile; fileRef = 80C894542499DCFE005CBEAF /* Main.storyboard */; };
		80C894582499DD04005CBEAF /* Assets.xcassets in Resources */ = {isa = PBXBuildFile; fileRef = 80C894572499DD04005CBEAF /* Assets.xcassets */; };
		80C8945B2499DD04005CBEAF /* LaunchScreen.storyboard in Resources */ = {isa = PBXBuildFile; fileRef = 80C894592499DD04005CBEAF /* LaunchScreen.storyboard */; };
		80C8946C249B4CBC005CBEAF /* CustomizedTabBar.swift in Sources */ = {isa = PBXBuildFile; fileRef = 80C8946B249B4CBC005CBEAF /* CustomizedTabBar.swift */; };
		80C8946E249B5345005CBEAF /* CustomTabbarController.swift in Sources */ = {isa = PBXBuildFile; fileRef = 80C8946D249B5345005CBEAF /* CustomTabbarController.swift */; };
/* End PBXBuildFile section */

/* Begin PBXFileReference section */
		80C8944B2499DCFE005CBEAF /* customTabbar.app */ = {isa = PBXFileReference; explicitFileType = wrapper.application; includeInIndex = 0; path = customTabbar.app; sourceTree = BUILT_PRODUCTS_DIR; };
		80C8944E2499DCFE005CBEAF /* AppDelegate.swift */ = {isa = PBXFileReference; lastKnownFileType = sourcecode.swift; path = AppDelegate.swift; sourceTree = "<group>"; };
		80C894502499DCFE005CBEAF /* SceneDelegate.swift */ = {isa = PBXFileReference; lastKnownFileType = sourcecode.swift; path = SceneDelegate.swift; sourceTree = "<group>"; };
		80C894522499DCFE005CBEAF /* ViewController.swift */ = {isa = PBXFileReference; lastKnownFileType = sourcecode.swift; path = ViewController.swift; sourceTree = "<group>"; };
		80C894552499DCFE005CBEAF /* Base */ = {isa = PBXFileReference; lastKnownFileType = file.storyboard; name = Base; path = Base.lproj/Main.storyboard; sourceTree = "<group>"; };
		80C894572499DD04005CBEAF /* Assets.xcassets */ = {isa = PBXFileReference; lastKnownFileType = folder.assetcatalog; path = Assets.xcassets; sourceTree = "<group>"; };
		80C8945A2499DD04005CBEAF /* Base */ = {isa = PBXFileReference; lastKnownFileType = file.storyboard; name = Base; path = Base.lproj/LaunchScreen.storyboard; sourceTree = "<group>"; };
		80C8945C2499DD04005CBEAF /* Info.plist */ = {isa = PBXFileReference; lastKnownFileType = text.plist.xml; path = Info.plist; sourceTree = "<group>"; };
		80C8946B249B4CBC005CBEAF /* CustomizedTabBar.swift */ = {isa = PBXFileReference; lastKnownFileType = sourcecode.swift; path = CustomizedTabBar.swift; sourceTree = "<group>"; };
		80C8946D249B5345005CBEAF /* CustomTabbarController.swift */ = {isa = PBXFileReference; lastKnownFileType = sourcecode.swift; path = CustomTabbarController.swift; sourceTree = "<group>"; };
/* End PBXFileReference section */

/* Begin PBXFrameworksBuildPhase section */
		80C894482499DCFE005CBEAF /* Frameworks */ = {
			isa = PBXFrameworksBuildPhase;
			buildActionMask = 2147483647;
			files = (
			);
			runOnlyForDeploymentPostprocessing = 0;
		};
/* End PBXFrameworksBuildPhase section */

/* Begin PBXGroup section */
		80C894422499DCFE005CBEAF = {
			isa = PBXGroup;
			children = (
				80C8944D2499DCFE005CBEAF /* customTabbar */,
				80C8944C2499DCFE005CBEAF /* Products */,
			);
			sourceTree = "<group>";
		};
		80C8944C2499DCFE005CBEAF /* Products */ = {
			isa = PBXGroup;
			children = (
				80C8944B2499DCFE005CBEAF /* customTabbar.app */,
			);
			name = Products;
			sourceTree = "<group>";
		};
		80C8944D2499DCFE005CBEAF /* customTabbar */ = {
			isa = PBXGroup;
			children = (
				80C8944E2499DCFE005CBEAF /* AppDelegate.swift */,
				80C894502499DCFE005CBEAF /* SceneDelegate.swift */,
				80C894522499DCFE005CBEAF /* ViewController.swift */,
				80C894542499DCFE005CBEAF /* Main.storyboard */,
				80C894572499DD04005CBEAF /* Assets.xcassets */,
				80C894592499DD04005CBEAF /* LaunchScreen.storyboard */,
				80C8945C2499DD04005CBEAF /* Info.plist */,
				80C8946B249B4CBC005CBEAF /* CustomizedTabBar.swift */,
				80C8946D249B5345005CBEAF /* CustomTabbarController.swift */,
			);
			path = customTabbar;
			sourceTree = "<group>";
		};
/* End PBXGroup section */

/* Begin PBXNativeTarget section */
		80C8944A2499DCFE005CBEAF /* customTabbar */ = {
			isa = PBXNativeTarget;
			buildConfigurationList = 80C8945F2499DD04005CBEAF /* Build configuration list for PBXNativeTarget "customTabbar" */;
			buildPhases = (
				80C894472499DCFE005CBEAF /* Sources */,
				80C894482499DCFE005CBEAF /* Frameworks */,
				80C894492499DCFE005CBEAF /* Resources */,
			);
			buildRules = (
			);
			dependencies = (
			);
			name = customTabbar;
			productName = customTabbar;
			productReference = 80C8944B2499DCFE005CBEAF /* customTabbar.app */;
			productType = "com.apple.product-type.application";
		};
/* End PBXNativeTarget section */

/* Begin PBXProject section */
		80C894432499DCFE005CBEAF /* Project object */ = {
			isa = PBXProject;
			attributes = {
				LastSwiftUpdateCheck = 1140;
				LastUpgradeCheck = 1140;
				ORGANIZATIONNAME = Deepika;
				TargetAttributes = {
					80C8944A2499DCFE005CBEAF = {
						CreatedOnToolsVersion = 11.4.1;
					};
				};
			};
			buildConfigurationList = 80C894462499DCFE005CBEAF /* Build configuration list for PBXProject "customTabbar" */;
			compatibilityVersion = "Xcode 9.3";
			developmentRegion = en;
			hasScannedForEncodings = 0;
			knownRegions = (
				en,
				Base,
			);
			mainGroup = 80C894422499DCFE005CBEAF;
			productRefGroup = 80C8944C2499DCFE005CBEAF /* Products */;
			projectDirPath = "";
			projectRoot = "";
			targets = (
				80C8944A2499DCFE005CBEAF /* customTabbar */,
			);
		};
/* End PBXProject section */

/* Begin PBXResourcesBuildPhase section */
		80C894492499DCFE005CBEAF /* Resources */ = {
			isa = PBXResourcesBuildPhase;
			buildActionMask = 2147483647;
			files = (
				80C8945B2499DD04005CBEAF /* LaunchScreen.storyboard in Resources */,
				80C894582499DD04005CBEAF /* Assets.xcassets in Resources */,
				80C894562499DCFE005CBEAF /* Main.storyboard in Resources */,
			);
			runOnlyForDeploymentPostprocessing = 0;
		};
/* End PBXResourcesBuildPhase section */

/* Begin PBXSourcesBuildPhase section */
		80C894472499DCFE005CBEAF /* Sources */ = {
			isa = PBXSourcesBuildPhase;
			buildActionMask = 2147483647;
			files = (
				80C8946E249B5345005CBEAF /* CustomTabbarController.swift in Sources */,
				80C8946C249B4CBC005CBEAF /* CustomizedTabBar.swift in Sources */,
				80C894532499DCFE005CBEAF /* ViewController.swift in Sources */,
				80C8944F2499DCFE005CBEAF /* AppDelegate.swift in Sources */,
				80C894512499DCFE005CBEAF /* SceneDelegate.swift in Sources */,
			);
			runOnlyForDeploymentPostprocessing = 0;
		};
/* End PBXSourcesBuildPhase section */

/* Begin PBXVariantGroup section */
		80C894542499DCFE005CBEAF /* Main.storyboard */ = {
			isa = PBXVariantGroup;
			children = (
				80C894552499DCFE005CBEAF /* Base */,
			);
			name = Main.storyboard;
			sourceTree = "<group>";
		};
		80C894592499DD04005CBEAF /* LaunchScreen.storyboard */ = {
			isa = PBXVariantGroup;
			children = (
				80C8945A2499DD04005CBEAF /* Base */,
			);
			name = LaunchScreen.storyboard;
			sourceTree = "<group>";
		};
/* End PBXVariantGroup section */

/* Begin XCBuildConfiguration section */
		80C8945D2499DD04005CBEAF /* Debug */ = {
			isa = XCBuildConfiguration;
			buildSettings = {
				ALWAYS_SEARCH_USER_PATHS = NO;
				CLANG_ANALYZER_NONNULL = YES;
				CLANG_ANALYZER_NUMBER_OBJECT_CONVERSION = YES_AGGRESSIVE;
				CLANG_CXX_LANGUAGE_STANDARD = "gnu++14";
				CLANG_CXX_LIBRARY = "libc++";
				CLANG_ENABLE_MODULES = YES;
				CLANG_ENABLE_OBJC_ARC = YES;
				CLANG_ENABLE_OBJC_WEAK = YES;
				CLANG_WARN_BLOCK_CAPTURE_AUTORELEASING = YES;
				CLANG_WARN_BOOL_CONVERSION = YES;
				CLANG_WARN_COMMA = YES;
				CLANG_WARN_CONSTANT_CONVERSION = YES;
				CLANG_WARN_DEPRECATED_OBJC_IMPLEMENTATIONS = YES;
				CLANG_WARN_DIRECT_OBJC_ISA_USAGE = YES_ERROR;
				CLANG_WARN_DOCUMENTATION_COMMENTS = YES;
				CLANG_WARN_EMPTY_BODY = YES;
				CLANG_WARN_ENUM_CONVERSION = YES;
				CLANG_WARN_INFINITE_RECURSION = YES;
				CLANG_WARN_INT_CONVERSION = YES;
				CLANG_WARN_NON_LITERAL_NULL_CONVERSION = YES;
				CLANG_WARN_OBJC_IMPLICIT_RETAIN_SELF = YES;
				CLANG_WARN_OBJC_LITERAL_CONVERSION = YES;
				CLANG_WARN_OBJC_ROOT_CLASS = YES_ERROR;
				CLANG_WARN_RANGE_LOOP_ANALYSIS = YES;
				CLANG_WARN_STRICT_PROTOTYPES = YES;
				CLANG_WARN_SUSPICIOUS_MOVE = YES;
				CLANG_WARN_UNGUARDED_AVAILABILITY = YES_AGGRESSIVE;
				CLANG_WARN_UNREACHABLE_CODE = YES;
				CLANG_WARN__DUPLICATE_METHOD_MATCH = YES;
				COPY_PHASE_STRIP = NO;
				DEBUG_INFORMATION_FORMAT = dwarf;
				ENABLE_STRICT_OBJC_MSGSEND = YES;
				ENABLE_TESTABILITY = YES;
				GCC_C_LANGUAGE_STANDARD = gnu11;
				GCC_DYNAMIC_NO_PIC = NO;
				GCC_NO_COMMON_BLOCKS = YES;
				GCC_OPTIMIZATION_LEVEL = 0;
				GCC_PREPROCESSOR_DEFINITIONS = (
					"DEBUG=1",
					"$(inherited)",
				);
				GCC_WARN_64_TO_32_BIT_CONVERSION = YES;
				GCC_WARN_ABOUT_RETURN_TYPE = YES_ERROR;
				GCC_WARN_UNDECLARED_SELECTOR = YES;
				GCC_WARN_UNINITIALIZED_AUTOS = YES_AGGRESSIVE;
				GCC_WARN_UNUSED_FUNCTION = YES;
				GCC_WARN_UNUSED_VARIABLE = YES;
				IPHONEOS_DEPLOYMENT_TARGET = 13.4;
				MTL_ENABLE_DEBUG_INFO = INCLUDE_SOURCE;
				MTL_FAST_MATH = YES;
				ONLY_ACTIVE_ARCH = YES;
				SDKROOT = iphoneos;
				SWIFT_ACTIVE_COMPILATION_CONDITIONS = DEBUG;
				SWIFT_OPTIMIZATION_LEVEL = "-Onone";
			};
			name = Debug;
		};
		80C8945E2499DD04005CBEAF /* Release */ = {
			isa = XCBuildConfiguration;
			buildSettings = {
				ALWAYS_SEARCH_USER_PATHS = NO;
				CLANG_ANALYZER_NONNULL = YES;
				CLANG_ANALYZER_NUMBER_OBJECT_CONVERSION = YES_AGGRESSIVE;
				CLANG_CXX_LANGUAGE_STANDARD = "gnu++14";
				CLANG_CXX_LIBRARY = "libc++";
				CLANG_ENABLE_MODULES = YES;
				CLANG_ENABLE_OBJC_ARC = YES;
				CLANG_ENABLE_OBJC_WEAK = YES;
				CLANG_WARN_BLOCK_CAPTURE_AUTORELEASING = YES;
				CLANG_WARN_BOOL_CONVERSION = YES;
				CLANG_WARN_COMMA = YES;
				CLANG_WARN_CONSTANT_CONVERSION = YES;
				CLANG_WARN_DEPRECATED_OBJC_IMPLEMENTATIONS = YES;
				CLANG_WARN_DIRECT_OBJC_ISA_USAGE = YES_ERROR;
				CLANG_WARN_DOCUMENTATION_COMMENTS = YES;
				CLANG_WARN_EMPTY_BODY = YES;
				CLANG_WARN_ENUM_CONVERSION = YES;
				CLANG_WARN_INFINITE_RECURSION = YES;
				CLANG_WARN_INT_CONVERSION = YES;
				CLANG_WARN_NON_LITERAL_NULL_CONVERSION = YES;
				CLANG_WARN_OBJC_IMPLICIT_RETAIN_SELF = YES;
				CLANG_WARN_OBJC_LITERAL_CONVERSION = YES;
				CLANG_WARN_OBJC_ROOT_CLASS = YES_ERROR;
				CLANG_WARN_RANGE_LOOP_ANALYSIS = YES;
				CLANG_WARN_STRICT_PROTOTYPES = YES;
				CLANG_WARN_SUSPICIOUS_MOVE = YES;
				CLANG_WARN_UNGUARDED_AVAILABILITY = YES_AGGRESSIVE;
				CLANG_WARN_UNREACHABLE_CODE = YES;
				CLANG_WARN__DUPLICATE_METHOD_MATCH = YES;
				COPY_PHASE_STRIP = NO;
				DEBUG_INFORMATION_FORMAT = "dwarf-with-dsym";
				ENABLE_NS_ASSERTIONS = NO;
				ENABLE_STRICT_OBJC_MSGSEND = YES;
				GCC_C_LANGUAGE_STANDARD = gnu11;
				GCC_NO_COMMON_BLOCKS = YES;
				GCC_WARN_64_TO_32_BIT_CONVERSION = YES;
				GCC_WARN_ABOUT_RETURN_TYPE = YES_ERROR;
				GCC_WARN_UNDECLARED_SELECTOR = YES;
				GCC_WARN_UNINITIALIZED_AUTOS = YES_AGGRESSIVE;
				GCC_WARN_UNUSED_FUNCTION = YES;
				GCC_WARN_UNUSED_VARIABLE = YES;
				IPHONEOS_DEPLOYMENT_TARGET = 13.4;
				MTL_ENABLE_DEBUG_INFO = NO;
				MTL_FAST_MATH = YES;
				SDKROOT = iphoneos;
				SWIFT_COMPILATION_MODE = wholemodule;
				SWIFT_OPTIMIZATION_LEVEL = "-O";
				VALIDATE_PRODUCT = YES;
			};
			name = Release;
		};
		80C894602499DD04005CBEAF /* Debug */ = {
			isa = XCBuildConfiguration;
			buildSettings = {
				ASSETCATALOG_COMPILER_APPICON_NAME = AppIcon;
				CODE_SIGN_STYLE = Automatic;
				INFOPLIST_FILE = customTabbar/Info.plist;
				LD_RUNPATH_SEARCH_PATHS = (
					"$(inherited)",
					"@executable_path/Frameworks",
				);
				PRODUCT_BUNDLE_IDENTIFIER = com.rdb.customTabbar;
				PRODUCT_NAME = "$(TARGET_NAME)";
				SWIFT_VERSION = 5.0;
				TARGETED_DEVICE_FAMILY = "1,2";
			};
			name = Debug;
		};
		80C894612499DD04005CBEAF /* Release */ = {
			isa = XCBuildConfiguration;
			buildSettings = {
				ASSETCATALOG_COMPILER_APPICON_NAME = AppIcon;
				CODE_SIGN_STYLE = Automatic;
				INFOPLIST_FILE = customTabbar/Info.plist;
				LD_RUNPATH_SEARCH_PATHS = (
					"$(inherited)",
					"@executable_path/Frameworks",
				);
				PRODUCT_BUNDLE_IDENTIFIER = com.rdb.customTabbar;
				PRODUCT_NAME = "$(TARGET_NAME)";
				SWIFT_VERSION = 5.0;
				TARGETED_DEVICE_FAMILY = "1,2";
			};
			name = Release;
		};
/* End XCBuildConfiguration section */

/* Begin XCConfigurationList section */
		80C894462499DCFE005CBEAF /* Build configuration list for PBXProject "customTabbar" */ = {
			isa = XCConfigurationList;
			buildConfigurations = (
				80C8945D2499DD04005CBEAF /* Debug */,
				80C8945E2499DD04005CBEAF /* Release */,
			);
			defaultConfigurationIsVisible = 0;
			defaultConfigurationName = Release;
		};
		80C8945F2499DD04005CBEAF /* Build configuration list for PBXNativeTarget "customTabbar" */ = {
			isa = XCConfigurationList;
			buildConfigurations = (
				80C894602499DD04005CBEAF /* Debug */,
				80C894612499DD04005CBEAF /* Release */,
			);
			defaultConfigurationIsVisible = 0;
			defaultConfigurationName = Release;
		};
/* End XCConfigurationList section */
	};
	rootObject = 80C894432499DCFE005CBEAF /* Project object */;
}
